<?xml version="1.0" encoding="utf-8"?>
<Project ToolsVersion="4.0" xmlns="http://schemas.microsoft.com/developer/msbuild/2003">
  <ItemGroup>
    <Filter Include="源文件">
      <UniqueIdentifier>{4FC737F1-C7A5-4376-A066-2A32D752A2FF}</UniqueIdentifier>
      <Extensions>cpp;c;cc;cxx;def;odl;idl;hpj;bat;asm;asmx</Extensions>
    </Filter>
    <Filter Include="头文件">
      <UniqueIdentifier>{93995380-89BD-4b04-88EB-625FBE52EBFB}</UniqueIdentifier>
      <Extensions>h;hh;hpp;hxx;hm;inl;inc;ipp;xsd</Extensions>
    </Filter>
    <Filter Include="资源文件">
      <UniqueIdentifier>{67DA6AB6-F800-4c08-8B7A-83BB121AAD01}</UniqueIdentifier>
      <Extensions>rc;ico;cur;bmp;dlg;rc2;rct;bin;rgs;gif;jpg;jpeg;jpe;resx;tiff;tif;png;wav;mfcribbon-ms</Extensions>
    </Filter>
    <Filter Include="头文件\Engine">
      <UniqueIdentifier>{c51f4702-c626-4539-a49d-5e1e7debcf5a}</UniqueIdentifier>
    </Filter>
    <Filter Include="源文件\Engine">
      <UniqueIdentifier>{a8085abf-9fa6-421a-9384-f16dba0c549e}</UniqueIdentifier>
    </Filter>
    <Filter Include="头文件\Engine\ImGui">
      <UniqueIdentifier>{05c15568-5247-45cf-816f-d900f2b8ac91}</UniqueIdentifier>
    </Filter>
    <Filter Include="源文件\Engine\ImGui">
      <UniqueIdentifier>{890c8108-3772-4c79-abea-0452f11218ea}</UniqueIdentifier>
    </Filter>
  </ItemGroup>
  <ItemGroup>
    <ClInclude Include="..\..\Source\NeneEngine\Nene.h">
      <Filter>头文件</Filter>
    </ClInclude>
    <ClInclude Include="..\..\Source\NeneEngine\Camera.h">
      <Filter>头文件\Engine</Filter>
    </ClInclude>
    <ClInclude Include="..\..\Source\NeneEngine\CameraController.h">
      <Filter>头文件\Engine</Filter>
    </ClInclude>
    <ClInclude Include="..\..\Source\NeneEngine\ConstantBuffer.h">
      <Filter>头文件\Engine</Filter>
    </ClInclude>
    <ClInclude Include="..\..\Source\NeneEngine\CoordinateAxes.h">
      <Filter>头文件\Engine</Filter>
    </ClInclude>
    <ClInclude Include="..\..\Source\NeneEngine\Debug.h">
      <Filter>头文件\Engine</Filter>
    </ClInclude>
    <ClInclude Include="..\..\Source\NeneEngine\Drawable.h">
      <Filter>头文件\Engine</Filter>
    </ClInclude>
    <ClInclude Include="..\..\Source\NeneEngine\Event.h">
      <Filter>头文件\Engine</Filter>
    </ClInclude>
    <ClInclude Include="..\..\Source\NeneEngine\Geometry.h">
      <Filter>头文件\Engine</Filter>
    </ClInclude>
    <ClInclude Include="..\..\Source\NeneEngine\GUI.h">
      <Filter>头文件\Engine</Filter>
    </ClInclude>
    <ClInclude Include="..\..\Source\NeneEngine\IO.h">
      <Filter>头文件\Engine</Filter>
    </ClInclude>
    <ClInclude Include="..\..\Source\NeneEngine\Keyboard.h">
      <Filter>头文件\Engine</Filter>
    </ClInclude>
    <ClInclude Include="..\..\Source\NeneEngine\Mesh.h">
      <Filter>头文件\Engine</Filter>
    </ClInclude>
    <ClInclude Include="..\..\Source\NeneEngine\Model.h">
      <Filter>头文件\Engine</Filter>
    </ClInclude>
    <ClInclude Include="..\..\Source\NeneEngine\Mouse.h">
      <Filter>头文件\Engine</Filter>
    </ClInclude>
    <ClInclude Include="..\..\Source\NeneEngine\NeneCB.h">
      <Filter>头文件\Engine</Filter>
    </ClInclude>
    <ClInclude Include="..\..\Source\NeneEngine\Observable.h">
      <Filter>头文件\Engine</Filter>
    </ClInclude>
    <ClInclude Include="..\..\Source\NeneEngine\Observer.h">
      <Filter>头文件\Engine</Filter>
    </ClInclude>
    <ClInclude Include="..\..\Source\NeneEngine\ParticleSystem.h">
      <Filter>头文件\Engine</Filter>
    </ClInclude>
    <ClInclude Include="..\..\Source\NeneEngine\RenderContext.h">
      <Filter>头文件\Engine</Filter>
    </ClInclude>
    <ClInclude Include="..\..\Source\NeneEngine\RenderTarget.h">
      <Filter>头文件\Engine</Filter>
    </ClInclude>
    <ClInclude Include="..\..\Source\NeneEngine\Shader.h">
      <Filter>头文件\Engine</Filter>
    </ClInclude>
    <ClInclude Include="..\..\Source\NeneEngine\ShaderCross.h">
      <Filter>头文件\Engine</Filter>
    </ClInclude>
    <ClInclude Include="..\..\Source\NeneEngine\ShadowMap.h">
      <Filter>头文件\Engine</Filter>
    </ClInclude>
    <ClInclude Include="..\..\Source\NeneEngine\Shape.h">
      <Filter>头文件\Engine</Filter>
    </ClInclude>
    <ClInclude Include="..\..\Source\NeneEngine\Texture.h">
      <Filter>头文件\Engine</Filter>
    </ClInclude>
    <ClInclude Include="..\..\Source\NeneEngine\Texture2D.h">
      <Filter>头文件\Engine</Filter>
    </ClInclude>
    <ClInclude Include="..\..\Source\NeneEngine\Texture3D.h">
      <Filter>头文件\Engine</Filter>
    </ClInclude>
    <ClInclude Include="..\..\Source\NeneEngine\TextureCube.h">
      <Filter>头文件\Engine</Filter>
    </ClInclude>
    <ClInclude Include="..\..\Source\NeneEngine\Types.h">
      <Filter>头文件\Engine</Filter>
    </ClInclude>
    <ClInclude Include="..\..\Source\NeneEngine\Utils.h">
      <Filter>头文件\Engine</Filter>
    </ClInclude>
    <ClInclude Include="..\..\Source\NeneEngine\ConstantBufferPool.h">
      <Filter>头文件\Engine</Filter>
    </ClInclude>
    <ClInclude Include="..\..\Source\NeneEngine\Light.h">
      <Filter>头文件\Engine</Filter>
    </ClInclude>
    <ClInclude Include="..\..\Source\NeneEngine\ImGui\imconfig.h">
      <Filter>头文件\Engine\ImGui</Filter>
    </ClInclude>
    <ClInclude Include="..\..\Source\NeneEngine\ImGui\imgui.h">
      <Filter>头文件\Engine\ImGui</Filter>
    </ClInclude>
    <ClInclude Include="..\..\Source\NeneEngine\ImGui\imgui_impl_dx11.h">
      <Filter>头文件\Engine\ImGui</Filter>
    </ClInclude>
    <ClInclude Include="..\..\Source\NeneEngine\ImGui\imgui_impl_glfw_gl3.h">
      <Filter>头文件\Engine\ImGui</Filter>
    </ClInclude>
    <ClInclude Include="..\..\Source\NeneEngine\ImGui\imgui_internal.h">
      <Filter>头文件\Engine\ImGui</Filter>
    </ClInclude>
    <ClInclude Include="..\..\Source\NeneEngine\ImGui\stb_rect_pack.h">
      <Filter>头文件\Engine\ImGui</Filter>
    </ClInclude>
    <ClInclude Include="..\..\Source\NeneEngine\ImGui\stb_textedit.h">
      <Filter>头文件\Engine\ImGui</Filter>
    </ClInclude>
    <ClInclude Include="..\..\Source\NeneEngine\ImGui\stb_truetype.h">
      <Filter>头文件\Engine\ImGui</Filter>
    </ClInclude>
  </ItemGroup>
  <ItemGroup>
    <None Include="..\..\Source\NeneEngine\ConstantBuffer_DX.inl">
      <Filter>头文件\Engine</Filter>
    </None>
    <None Include="..\..\Source\NeneEngine\ConstantBuffer_GL.inl">
      <Filter>头文件\Engine</Filter>
    </None>
    <None Include="..\..\Source\NeneEngine\CoordinateAxesShader_DX.inl">
      <Filter>头文件\Engine</Filter>
    </None>
    <None Include="..\..\Source\NeneEngine\CoordinateAxesShader_GL.inl">
      <Filter>头文件\Engine</Filter>
    </None>
    <None Include="..\..\Source\NeneEngine\ParticleSystem_DX.inl">
      <Filter>头文件\Engine</Filter>
    </None>
    <None Include="..\..\Source\NeneEngine\ParticleSystem_GL.inl">
      <Filter>头文件\Engine</Filter>
    </None>
  </ItemGroup>
  <ItemGroup>
    <ClCompile Include="..\..\Source\NeneEngine\Camera.cpp">
      <Filter>源文件\Engine</Filter>
    </ClCompile>
    <ClCompile Include="..\..\Source\NeneEngine\CameraController.cpp">
      <Filter>源文件\Engine</Filter>
    </ClCompile>
    <ClCompile Include="..\..\Source\NeneEngine\CoordinateAxes.cpp">
      <Filter>源文件\Engine</Filter>
    </ClCompile>
    <ClCompile Include="..\..\Source\NeneEngine\Debug.cpp">
      <Filter>源文件\Engine</Filter>
    </ClCompile>
    <ClCompile Include="..\..\Source\NeneEngine\Drawable.cpp">
      <Filter>源文件\Engine</Filter>
    </ClCompile>
    <ClCompile Include="..\..\Source\NeneEngine\Event.cpp">
      <Filter>源文件\Engine</Filter>
    </ClCompile>
    <ClCompile Include="..\..\Source\NeneEngine\Geometry.cpp">
      <Filter>源文件\Engine</Filter>
    </ClCompile>
    <ClCompile Include="..\..\Source\NeneEngine\GUI_DX.cpp">
      <Filter>源文件\Engine</Filter>
    </ClCompile>
    <ClCompile Include="..\..\Source\NeneEngine\GUI_GL.cpp">
      <Filter>源文件\Engine</Filter>
    </ClCompile>
    <ClCompile Include="..\..\Source\NeneEngine\IO.cpp">
      <Filter>源文件\Engine</Filter>
    </ClCompile>
    <ClCompile Include="..\..\Source\NeneEngine\Keyboard_DX.cpp">
      <Filter>源文件\Engine</Filter>
    </ClCompile>
    <ClCompile Include="..\..\Source\NeneEngine\Keyboard_GL.cpp">
      <Filter>源文件\Engine</Filter>
    </ClCompile>
    <ClCompile Include="..\..\Source\NeneEngine\Mesh_DX.cpp">
      <Filter>源文件\Engine</Filter>
    </ClCompile>
    <ClCompile Include="..\..\Source\NeneEngine\Mesh_GL.cpp">
      <Filter>源文件\Engine</Filter>
    </ClCompile>
    <ClCompile Include="..\..\Source\NeneEngine\Model.cpp">
      <Filter>源文件\Engine</Filter>
    </ClCompile>
    <ClCompile Include="..\..\Source\NeneEngine\Mouse_DX.cpp">
      <Filter>源文件\Engine</Filter>
    </ClCompile>
    <ClCompile Include="..\..\Source\NeneEngine\Mouse_GL.cpp">
      <Filter>源文件\Engine</Filter>
    </ClCompile>
    <ClCompile Include="..\..\Source\NeneEngine\NeneCB.cpp">
      <Filter>源文件\Engine</Filter>
    </ClCompile>
    <ClCompile Include="..\..\Source\NeneEngine\Observable.cpp">
      <Filter>源文件\Engine</Filter>
    </ClCompile>
    <ClCompile Include="..\..\Source\NeneEngine\Observer.cpp">
      <Filter>源文件\Engine</Filter>
    </ClCompile>
    <ClCompile Include="..\..\Source\NeneEngine\RenderContext_DX.cpp">
      <Filter>源文件\Engine</Filter>
    </ClCompile>
    <ClCompile Include="..\..\Source\NeneEngine\RenderContext_GL.cpp">
      <Filter>源文件\Engine</Filter>
    </ClCompile>
    <ClCompile Include="..\..\Source\NeneEngine\RenderTarget_DX.cpp">
      <Filter>源文件\Engine</Filter>
    </ClCompile>
    <ClCompile Include="..\..\Source\NeneEngine\RenderTarget_GL.cpp">
      <Filter>源文件\Engine</Filter>
    </ClCompile>
    <ClCompile Include="..\..\Source\NeneEngine\Shader_DX.cpp">
      <Filter>源文件\Engine</Filter>
    </ClCompile>
    <ClCompile Include="..\..\Source\NeneEngine\Shader_GL.cpp">
      <Filter>源文件\Engine</Filter>
    </ClCompile>
    <ClCompile Include="..\..\Source\NeneEngine\ShaderCross_DX.cpp">
      <Filter>源文件\Engine</Filter>
    </ClCompile>
    <ClCompile Include="..\..\Source\NeneEngine\ShaderCross_GL.cpp">
      <Filter>源文件\Engine</Filter>
    </ClCompile>
    <ClCompile Include="..\..\Source\NeneEngine\Shape_DX.cpp">
      <Filter>源文件\Engine</Filter>
    </ClCompile>
    <ClCompile Include="..\..\Source\NeneEngine\Shape_GL.cpp">
      <Filter>源文件\Engine</Filter>
    </ClCompile>
    <ClCompile Include="..\..\Source\NeneEngine\Texture.cpp">
      <Filter>源文件\Engine</Filter>
    </ClCompile>
    <ClCompile Include="..\..\Source\NeneEngine\Texture2D_DX.cpp">
      <Filter>源文件\Engine</Filter>
    </ClCompile>
    <ClCompile Include="..\..\Source\NeneEngine\Texture2D_GL.cpp">
      <Filter>源文件\Engine</Filter>
    </ClCompile>
    <ClCompile Include="..\..\Source\NeneEngine\TextureCube_DX.cpp">
      <Filter>源文件\Engine</Filter>
    </ClCompile>
    <ClCompile Include="..\..\Source\NeneEngine\TextureCube_GL.cpp">
      <Filter>源文件\Engine</Filter>
    </ClCompile>
    <ClCompile Include="..\..\Source\NeneEngine\Utils_DX.cpp">
      <Filter>源文件\Engine</Filter>
    </ClCompile>
    <ClCompile Include="..\..\Source\NeneEngine\Utils_GL.cpp">
      <Filter>源文件\Engine</Filter>
    </ClCompile>
    <ClCompile Include="..\..\Source\NeneEngine\ConstantBufferPool_GL.cpp">
      <Filter>源文件\Engine</Filter>
    </ClCompile>
    <ClCompile Include="..\..\Source\NeneEngine\Light.cpp">
      <Filter>源文件\Engine</Filter>
    </ClCompile>
    <ClCompile Include="..\..\Source\NeneEngine\ShadowMap.cpp">
      <Filter>源文件\Engine</Filter>
    </ClCompile>
    <ClCompile Include="..\..\Source\NeneEngine\ImGui\imgui.cpp">
      <Filter>源文件\Engine\ImGui</Filter>
    </ClCompile>
    <ClCompile Include="..\..\Source\NeneEngine\ImGui\imgui_draw.cpp">
      <Filter>源文件\Engine\ImGui</Filter>
    </ClCompile>
    <ClCompile Include="..\..\Source\NeneEngine\ImGui\imgui_impl_dx11.cpp">
      <Filter>源文件\Engine\ImGui</Filter>
    </ClCompile>
    <ClCompile Include="..\..\Source\NeneEngine\ImGui\imgui_impl_glfw_gl3.cpp">
      <Filter>源文件\Engine\ImGui</Filter>
    </ClCompile>
  </ItemGroup>
</Project>