<?xml version="1.0" encoding="utf-8"?>
<Project ToolsVersion="4.0" xmlns="http://schemas.microsoft.com/developer/msbuild/2003">
  <ItemGroup>
    <Filter Include="源文件">
      <UniqueIdentifier>{4FC737F1-C7A5-4376-A066-2A32D752A2FF}</UniqueIdentifier>
      <Extensions>cpp;c;cc;cxx;def;odl;idl;hpj;bat;asm;asmx</Extensions>
    </Filter>
    <Filter Include="头文件">
      <UniqueIdentifier>{93995380-89BD-4b04-88EB-625FBE52EBFB}</UniqueIdentifier>
      <Extensions>h;hh;hpp;hxx;hm;inl;inc;ipp;xsd</Extensions>
    </Filter>
    <Filter Include="资源文件">
      <UniqueIdentifier>{67DA6AB6-F800-4c08-8B7A-83BB121AAD01}</UniqueIdentifier>
      <Extensions>rc;ico;cur;bmp;dlg;rc2;rct;bin;rgs;gif;jpg;jpeg;jpe;resx;tiff;tif;png;wav;mfcribbon-ms</Extensions>
    </Filter>
    <Filter Include="头文件\Binding">
      <UniqueIdentifier>{3397c82a-22c1-4f86-8656-31243ee53a1b}</UniqueIdentifier>
    </Filter>
    <Filter Include="源文件\Binding">
      <UniqueIdentifier>{5201c5b3-a347-451c-abcf-85d846cc8d08}</UniqueIdentifier>
    </Filter>
  </ItemGroup>
  <ItemGroup>
    <ClCompile Include="..\..\Source\NenePython\PyCamera.cpp">
      <Filter>源文件\Binding</Filter>
    </ClCompile>
    <ClCompile Include="..\..\Source\NenePython\PyCameraController.cpp">
      <Filter>源文件\Binding</Filter>
    </ClCompile>
    <ClCompile Include="..\..\Source\NenePython\PyConstantBuffer.cpp">
      <Filter>源文件\Binding</Filter>
    </ClCompile>
    <ClCompile Include="..\..\Source\NenePython\PyConstantBufferPool.cpp">
      <Filter>源文件\Binding</Filter>
    </ClCompile>
    <ClCompile Include="..\..\Source\NenePython\PyCoordinateAxes.cpp">
      <Filter>源文件\Binding</Filter>
    </ClCompile>
    <ClCompile Include="..\..\Source\NenePython\PyGeometry.cpp">
      <Filter>源文件\Binding</Filter>
    </ClCompile>
    <ClCompile Include="..\..\Source\NenePython\PyKeyboard.cpp">
      <Filter>源文件\Binding</Filter>
    </ClCompile>
    <ClCompile Include="..\..\Source\NenePython\PyMouse.cpp">
      <Filter>源文件\Binding</Filter>
    </ClCompile>
    <ClCompile Include="..\..\Source\NenePython\PyObserver.cpp">
      <Filter>源文件\Binding</Filter>
    </ClCompile>
    <ClCompile Include="..\..\Source\NenePython\PyShader.cpp">
      <Filter>源文件\Binding</Filter>
    </ClCompile>
    <ClCompile Include="..\..\Source\NenePython\PyShape.cpp">
      <Filter>源文件\Binding</Filter>
    </ClCompile>
    <ClCompile Include="..\..\Source\NenePython\PyTypes.cpp">
      <Filter>源文件\Binding</Filter>
    </ClCompile>
    <ClCompile Include="..\..\Source\NenePython\PyUtils.cpp">
      <Filter>源文件\Binding</Filter>
    </ClCompile>
    <ClCompile Include="..\..\Source\NenePython\PyEvent.cpp">
      <Filter>源文件\Binding</Filter>
    </ClCompile>
    <ClCompile Include="..\..\Source\NenePython\PyNene.cpp">
      <Filter>源文件</Filter>
    </ClCompile>
    <ClCompile Include="..\..\Source\NenePython\PyRenderTarget.cpp">
      <Filter>源文件\Binding</Filter>
    </ClCompile>
    <ClCompile Include="..\..\Source\NenePython\PyTexture.cpp">
      <Filter>源文件\Binding</Filter>
    </ClCompile>
  </ItemGroup>
  <ItemGroup>
    <ClInclude Include="..\..\Source\NenePython\PyCamera.h">
      <Filter>头文件\Binding</Filter>
    </ClInclude>
    <ClInclude Include="..\..\Source\NenePython\PyCameraController.h">
      <Filter>头文件\Binding</Filter>
    </ClInclude>
    <ClInclude Include="..\..\Source\NenePython\PyConstantBuffer.h">
      <Filter>头文件\Binding</Filter>
    </ClInclude>
    <ClInclude Include="..\..\Source\NenePython\PyConstantBufferPool.h">
      <Filter>头文件\Binding</Filter>
    </ClInclude>
    <ClInclude Include="..\..\Source\NenePython\PyCoordinateAxes.h">
      <Filter>头文件\Binding</Filter>
    </ClInclude>
    <ClInclude Include="..\..\Source\NenePython\PyEvent.h">
      <Filter>头文件\Binding</Filter>
    </ClInclude>
    <ClInclude Include="..\..\Source\NenePython\PyGeometry.h">
      <Filter>头文件\Binding</Filter>
    </ClInclude>
    <ClInclude Include="..\..\Source\NenePython\PyKeyboard.h">
      <Filter>头文件\Binding</Filter>
    </ClInclude>
    <ClInclude Include="..\..\Source\NenePython\PyMouse.h">
      <Filter>头文件\Binding</Filter>
    </ClInclude>
    <ClInclude Include="..\..\Source\NenePython\PyObserver.h">
      <Filter>头文件\Binding</Filter>
    </ClInclude>
    <ClInclude Include="..\..\Source\NenePython\PyShader.h">
      <Filter>头文件\Binding</Filter>
    </ClInclude>
    <ClInclude Include="..\..\Source\NenePython\PyShape.h">
      <Filter>头文件\Binding</Filter>
    </ClInclude>
    <ClInclude Include="..\..\Source\NenePython\PyTypes.h">
      <Filter>头文件\Binding</Filter>
    </ClInclude>
    <ClInclude Include="..\..\Source\NenePython\PyUtils.h">
      <Filter>头文件\Binding</Filter>
    </ClInclude>
    <ClInclude Include="..\..\Source\NenePython\PyRenderTarget.h">
      <Filter>头文件\Binding</Filter>
    </ClInclude>
    <ClInclude Include="..\..\Source\NenePython\PyTexture.h">
      <Filter>头文件\Binding</Filter>
    </ClInclude>
  </ItemGroup>
</Project>